
Microsoft Visual Studio Solution File, Format Version 12.00
# Visual Studio 14
VisualStudioVersion = 14.0.23107.0
MinimumVisualStudioVersion = 10.0.40219.1
Project("{FAE04EC0-301F-11D3-BF4B-00C04F79EFBC}") = "BullshitMeter", "BullshitMeter\BullshitMeter.csproj", "{485B0280-F16D-4913-9AB6-B44B7E755E65}"
EndProject
Project("{FAE04EC0-301F-11D3-BF4B-00C04F79EFBC}") = "BullshitMeter.Tests", "BullshitMeter.Tests\BullshitMeter.Tests.csproj", "{8D03E2E2-AA33-477D-93E0-3F73C2AD04CE}"
EndProject
Project("{FAE04EC0-301F-11D3-BF4B-00C04F79EFBC}") = "AnalysisLib", "AnalysisLib\AnalysisLib.csproj", "{11DD141D-CD76-4B07-A2C4-D3A40DCBC5D2}"
EndProject
Global
	GlobalSection(SolutionConfigurationPlatforms) = preSolution
		Debug|Any CPU = Debug|Any CPU
		Release|Any CPU = Release|Any CPU
	EndGlobalSection
	GlobalSection(ProjectConfigurationPlatforms) = postSolution
		{485B0280-F16D-4913-9AB6-B44B7E755E65}.Debug|Any CPU.ActiveCfg = Debug|Any CPU
		{485B0280-F16D-4913-9AB6-B44B7E755E65}.Debug|Any CPU.Build.0 = Debug|Any CPU
		{485B0280-F16D-4913-9AB6-B44B7E755E65}.Release|Any CPU.ActiveCfg = Release|Any CPU
		{485B0280-F16D-4913-9AB6-B44B7E755E65}.Release|Any CPU.Build.0 = Release|Any CPU
		{8D03E2E2-AA33-477D-93E0-3F73C2AD04CE}.Debug|Any CPU.ActiveCfg = Debug|Any CPU
		{8D03E2E2-AA33-477D-93E0-3F73C2AD04CE}.Debug|Any CPU.Build.0 = Debug|Any CPU
		{8D03E2E2-AA33-477D-93E0-3F73C2AD04CE}.Release|Any CPU.ActiveCfg = Release|Any CPU
		{8D03E2E2-AA33-477D-93E0-3F73C2AD04CE}.Release|Any CPU.Build.0 = Release|Any CPU
		{11DD141D-CD76-4B07-A2C4-D3A40DCBC5D2}.Debug|Any CPU.ActiveCfg = Debug|Any CPU
		{11DD141D-CD76-4B07-A2C4-D3A40DCBC5D2}.Debug|Any CPU.Build.0 = Debug|Any CPU
		{11DD141D-CD76-4B07-A2C4-D3A40DCBC5D2}.Release|Any CPU.ActiveCfg = Release|Any CPU
		{11DD141D-CD76-4B07-A2C4-D3A40DCBC5D2}.Release|Any CPU.Build.0 = Release|Any CPU
	EndGlobalSection
	GlobalSection(SolutionProperties) = preSolution
		HideSolutionNode = FALSE
	EndGlobalSection
EndGlobal
