
Microsoft Visual Studio Solution File, Format Version 12.00
# Visual Studio 14
VisualStudioVersion = 14.0.23107.0
MinimumVisualStudioVersion = 10.0.40219.1
Project("{FAE04EC0-301F-11D3-BF4B-00C04F79EFBC}") = "BullshitMeter", "BullshitMeter\BullshitMeter.csproj", "{485B0280-F16D-4913-9AB6-B44B7E755E65}"
EndProject
Project("{FAE04EC0-301F-11D3-BF4B-00C04F79EFBC}") = "BullshitMeter.Tests", "BullshitMeter.Tests\BullshitMeter.Tests.csproj", "{8D03E2E2-AA33-477D-93E0-3F73C2AD04CE}"
EndProject
Project("{FAE04EC0-301F-11D3-BF4B-00C04F79EFBC}") = "AnalysisLib", "AnalysisLib\AnalysisLib.csproj", "{11DD141D-CD76-4B07-A2C4-D3A40DCBC5D2}"
EndProject
Project("{FAE04EC0-301F-11D3-BF4B-00C04F79EFBC}") = "AnalysisLib.Tests", "AnalysisLib.Tests\AnalysisLib.Tests.csproj", "{09F583AE-295F-4B8F-B2DA-5CD8952EFD06}"
EndProject
Project("{FAE04EC0-301F-11D3-BF4B-00C04F79EFBC}") = "AnalysisModel", "AnalysisModel\AnalysisModel.csproj", "{98B2A533-2B63-458F-8192-A4B019E24149}"
EndProject
Project("{FAE04EC0-301F-11D3-BF4B-00C04F79EFBC}") = "DataAccess", "DataAccess\DataAccess.csproj", "{27030C81-AB13-498E-8480-D88AB9E0990D}"
EndProject
Project("{FAE04EC0-301F-11D3-BF4B-00C04F79EFBC}") = "DataAccess.Tests", "DataAccess.Tests\DataAccess.Tests.csproj", "{AA855CAE-A6DF-49D6-9786-AC16ED6DDC23}"
EndProject
Project("{2150E333-8FDC-42A3-9474-1A3956D46DE8}") = "Solution Items", "Solution Items", "{528DF695-2CF3-4B42-8459-03138716195C}"
	ProjectSection(SolutionItems) = preProject
		WebEssentials2015-Settings.json = WebEssentials2015-Settings.json
	EndProjectSection
EndProject
Project("{FAE04EC0-301F-11D3-BF4B-00C04F79EFBC}") = "SearchEngine", "SearchEngine\SearchEngine.csproj", "{440027CD-7FFF-4534-9DE7-6B53D5FA628C}"
EndProject
Project("{FAE04EC0-301F-11D3-BF4B-00C04F79EFBC}") = "Common", "Common\Common.csproj", "{53E611E8-C88C-4FBB-9E91-535DABF5F16D}"
EndProject
Project("{FAE04EC0-301F-11D3-BF4B-00C04F79EFBC}") = "Common.Tests", "Common.Tests\Common.Tests.csproj", "{0AA1A46D-CAEC-4508-AACA-970A9062022A}"
EndProject
Project("{FAE04EC0-301F-11D3-BF4B-00C04F79EFBC}") = "SearchEngine.Tests", "SearchEngine.Tests\SearchEngine.Tests.csproj", "{9635BD65-8008-4B51-A44C-69F65E32B170}"
EndProject
Global
	GlobalSection(SolutionConfigurationPlatforms) = preSolution
		Debug|Any CPU = Debug|Any CPU
		Release|Any CPU = Release|Any CPU
	EndGlobalSection
	GlobalSection(ProjectConfigurationPlatforms) = postSolution
		{485B0280-F16D-4913-9AB6-B44B7E755E65}.Debug|Any CPU.ActiveCfg = Debug|Any CPU
		{485B0280-F16D-4913-9AB6-B44B7E755E65}.Debug|Any CPU.Build.0 = Debug|Any CPU
		{485B0280-F16D-4913-9AB6-B44B7E755E65}.Release|Any CPU.ActiveCfg = Release|Any CPU
		{485B0280-F16D-4913-9AB6-B44B7E755E65}.Release|Any CPU.Build.0 = Release|Any CPU
		{8D03E2E2-AA33-477D-93E0-3F73C2AD04CE}.Debug|Any CPU.ActiveCfg = Debug|Any CPU
		{8D03E2E2-AA33-477D-93E0-3F73C2AD04CE}.Debug|Any CPU.Build.0 = Debug|Any CPU
		{8D03E2E2-AA33-477D-93E0-3F73C2AD04CE}.Release|Any CPU.ActiveCfg = Release|Any CPU
		{8D03E2E2-AA33-477D-93E0-3F73C2AD04CE}.Release|Any CPU.Build.0 = Release|Any CPU
		{11DD141D-CD76-4B07-A2C4-D3A40DCBC5D2}.Debug|Any CPU.ActiveCfg = Debug|Any CPU
		{11DD141D-CD76-4B07-A2C4-D3A40DCBC5D2}.Debug|Any CPU.Build.0 = Debug|Any CPU
		{11DD141D-CD76-4B07-A2C4-D3A40DCBC5D2}.Release|Any CPU.ActiveCfg = Release|Any CPU
		{11DD141D-CD76-4B07-A2C4-D3A40DCBC5D2}.Release|Any CPU.Build.0 = Release|Any CPU
		{09F583AE-295F-4B8F-B2DA-5CD8952EFD06}.Debug|Any CPU.ActiveCfg = Debug|Any CPU
		{09F583AE-295F-4B8F-B2DA-5CD8952EFD06}.Debug|Any CPU.Build.0 = Debug|Any CPU
		{09F583AE-295F-4B8F-B2DA-5CD8952EFD06}.Release|Any CPU.ActiveCfg = Release|Any CPU
		{09F583AE-295F-4B8F-B2DA-5CD8952EFD06}.Release|Any CPU.Build.0 = Release|Any CPU
		{98B2A533-2B63-458F-8192-A4B019E24149}.Debug|Any CPU.ActiveCfg = Debug|Any CPU
		{98B2A533-2B63-458F-8192-A4B019E24149}.Debug|Any CPU.Build.0 = Debug|Any CPU
		{98B2A533-2B63-458F-8192-A4B019E24149}.Release|Any CPU.ActiveCfg = Release|Any CPU
		{98B2A533-2B63-458F-8192-A4B019E24149}.Release|Any CPU.Build.0 = Release|Any CPU
		{27030C81-AB13-498E-8480-D88AB9E0990D}.Debug|Any CPU.ActiveCfg = Debug|Any CPU
		{27030C81-AB13-498E-8480-D88AB9E0990D}.Debug|Any CPU.Build.0 = Debug|Any CPU
		{27030C81-AB13-498E-8480-D88AB9E0990D}.Release|Any CPU.ActiveCfg = Release|Any CPU
		{27030C81-AB13-498E-8480-D88AB9E0990D}.Release|Any CPU.Build.0 = Release|Any CPU
		{AA855CAE-A6DF-49D6-9786-AC16ED6DDC23}.Debug|Any CPU.ActiveCfg = Debug|Any CPU
		{AA855CAE-A6DF-49D6-9786-AC16ED6DDC23}.Debug|Any CPU.Build.0 = Debug|Any CPU
		{AA855CAE-A6DF-49D6-9786-AC16ED6DDC23}.Release|Any CPU.ActiveCfg = Release|Any CPU
		{AA855CAE-A6DF-49D6-9786-AC16ED6DDC23}.Release|Any CPU.Build.0 = Release|Any CPU
		{440027CD-7FFF-4534-9DE7-6B53D5FA628C}.Debug|Any CPU.ActiveCfg = Debug|Any CPU
		{440027CD-7FFF-4534-9DE7-6B53D5FA628C}.Debug|Any CPU.Build.0 = Debug|Any CPU
		{440027CD-7FFF-4534-9DE7-6B53D5FA628C}.Release|Any CPU.ActiveCfg = Release|Any CPU
		{440027CD-7FFF-4534-9DE7-6B53D5FA628C}.Release|Any CPU.Build.0 = Release|Any CPU
		{53E611E8-C88C-4FBB-9E91-535DABF5F16D}.Debug|Any CPU.ActiveCfg = Debug|Any CPU
		{53E611E8-C88C-4FBB-9E91-535DABF5F16D}.Debug|Any CPU.Build.0 = Debug|Any CPU
		{53E611E8-C88C-4FBB-9E91-535DABF5F16D}.Release|Any CPU.ActiveCfg = Release|Any CPU
		{53E611E8-C88C-4FBB-9E91-535DABF5F16D}.Release|Any CPU.Build.0 = Release|Any CPU
		{0AA1A46D-CAEC-4508-AACA-970A9062022A}.Debug|Any CPU.ActiveCfg = Debug|Any CPU
		{0AA1A46D-CAEC-4508-AACA-970A9062022A}.Debug|Any CPU.Build.0 = Debug|Any CPU
		{0AA1A46D-CAEC-4508-AACA-970A9062022A}.Release|Any CPU.ActiveCfg = Release|Any CPU
		{0AA1A46D-CAEC-4508-AACA-970A9062022A}.Release|Any CPU.Build.0 = Release|Any CPU
		{9635BD65-8008-4B51-A44C-69F65E32B170}.Debug|Any CPU.ActiveCfg = Debug|Any CPU
		{9635BD65-8008-4B51-A44C-69F65E32B170}.Debug|Any CPU.Build.0 = Debug|Any CPU
		{9635BD65-8008-4B51-A44C-69F65E32B170}.Release|Any CPU.ActiveCfg = Release|Any CPU
		{9635BD65-8008-4B51-A44C-69F65E32B170}.Release|Any CPU.Build.0 = Release|Any CPU
	EndGlobalSection
	GlobalSection(SolutionProperties) = preSolution
		HideSolutionNode = FALSE
	EndGlobalSection
EndGlobal
